{
  "version": "5",
  "specifiers": {
    "npm:jpeg-js@0.4.4": "0.4.4",
    "npm:pngjs@7.0.0": "7.0.0"
  },
  "npm": {
    "jpeg-js@0.4.4": {
      "integrity": "sha512-WZzeDOEtTOBK4Mdsar0IqEU5sMr3vSV2RqkAIzUEV2BHnUfKGyswWFPFwK5EeDo93K3FohSHbLAjj0s1Wzd+dg=="
    },
    "pngjs@7.0.0": {
      "integrity": "sha512-LKWqWJRhstyYo9pGvgor/ivk2w94eSjE3RGVuzLGlr3NmD8bf7RcYGze1mNdEHRP6TRP6rMuDHk5t44hnTRyow=="
    }
  },
  "redirects": {
    "https://esm.sh/@supabase/supabase-js@2": "https://esm.sh/@supabase/supabase-js@2.108.0"
  },
  "remote": {
    "https://esm.sh/@supabase/supabase-js@2.108.0": "c825db8edcb1570c7ac5f330e39fb4a5f0e616cbad2300e0eaaa49d803c2244b"
  },
  "workspace": {
    "dependencies": [
      "npm:jpeg-js@0.4.4",
      "npm:pngjs@7.0.0"
    ]
  }
}
